
Microsoft Visual Studio Solution File, Format Version 12.00
# Visual Studio Version 17
VisualStudioVersion = 17.5.33627.172
MinimumVisualStudioVersion = 10.0.40219.1
Project("{FAE04EC0-301F-11D3-BF4B-00C04F79EFBC}") = "Lab04.Q1.1", "Lab04.Q1.1\Lab04.Q1.1.csproj", "{0384EE06-57E9-4C2C-8ACA-80A7E38E157E}"
EndProject
Global
	GlobalSection(SolutionConfigurationPlatforms) = preSolution
		Debug|Any CPU = Debug|Any CPU
		Release|Any CPU = Release|Any CPU
	EndGlobalSection
	GlobalSection(ProjectConfigurationPlatforms) = postSolution
		{0384EE06-57E9-4C2C-8ACA-80A7E38E157E}.Debug|Any CPU.ActiveCfg = Debug|Any CPU
		{0384EE06-57E9-4C2C-8ACA-80A7E38E157E}.Debug|Any CPU.Build.0 = Debug|Any CPU
		{0384EE06-57E9-4C2C-8ACA-80A7E38E157E}.Release|Any CPU.ActiveCfg = Release|Any CPU
		{0384EE06-57E9-4C2C-8ACA-80A7E38E157E}.Release|Any CPU.Build.0 = Release|Any CPU
	EndGlobalSection
	GlobalSection(SolutionProperties) = preSolution
		HideSolutionNode = FALSE
	EndGlobalSection
	GlobalSection(ExtensibilityGlobals) = postSolution
		SolutionGuid = {8328F566-42BA-4313-9D2E-AA7C24A67A19}
	EndGlobalSection
EndGlobal
