
Microsoft Visual Studio Solution File, Format Version 12.00
# Visual Studio Version 17
VisualStudioVersion = 17.5.33627.172
MinimumVisualStudioVersion = 10.0.40219.1
Project("{FAE04EC0-301F-11D3-BF4B-00C04F79EFBC}") = "Lab02.Q3", "Lab02.Q3\Lab02.Q3.csproj", "{61D01981-08FB-42B4-8CA0-36EEB3916B95}"
EndProject
Global
	GlobalSection(SolutionConfigurationPlatforms) = preSolution
		Debug|Any CPU = Debug|Any CPU
		Release|Any CPU = Release|Any CPU
	EndGlobalSection
	GlobalSection(ProjectConfigurationPlatforms) = postSolution
		{61D01981-08FB-42B4-8CA0-36EEB3916B95}.Debug|Any CPU.ActiveCfg = Debug|Any CPU
		{61D01981-08FB-42B4-8CA0-36EEB3916B95}.Debug|Any CPU.Build.0 = Debug|Any CPU
		{61D01981-08FB-42B4-8CA0-36EEB3916B95}.Release|Any CPU.ActiveCfg = Release|Any CPU
		{61D01981-08FB-42B4-8CA0-36EEB3916B95}.Release|Any CPU.Build.0 = Release|Any CPU
	EndGlobalSection
	GlobalSection(SolutionProperties) = preSolution
		HideSolutionNode = FALSE
	EndGlobalSection
	GlobalSection(ExtensibilityGlobals) = postSolution
		SolutionGuid = {9AA3BE9E-81E6-4944-A061-5E64030385A4}
	EndGlobalSection
EndGlobal
