
Microsoft Visual Studio Solution File, Format Version 12.00
# Visual Studio Version 17
VisualStudioVersion = 17.5.33627.172
MinimumVisualStudioVersion = 10.0.40219.1
Project("{FAE04EC0-301F-11D3-BF4B-00C04F79EFBC}") = "Lab02.Q1", "Lab02.Q1\Lab02.Q1.csproj", "{E0486CC9-DA77-4FF4-9C05-2FB5D7032A55}"
EndProject
Global
	GlobalSection(SolutionConfigurationPlatforms) = preSolution
		Debug|Any CPU = Debug|Any CPU
		Release|Any CPU = Release|Any CPU
	EndGlobalSection
	GlobalSection(ProjectConfigurationPlatforms) = postSolution
		{E0486CC9-DA77-4FF4-9C05-2FB5D7032A55}.Debug|Any CPU.ActiveCfg = Debug|Any CPU
		{E0486CC9-DA77-4FF4-9C05-2FB5D7032A55}.Debug|Any CPU.Build.0 = Debug|Any CPU
		{E0486CC9-DA77-4FF4-9C05-2FB5D7032A55}.Release|Any CPU.ActiveCfg = Release|Any CPU
		{E0486CC9-DA77-4FF4-9C05-2FB5D7032A55}.Release|Any CPU.Build.0 = Release|Any CPU
	EndGlobalSection
	GlobalSection(SolutionProperties) = preSolution
		HideSolutionNode = FALSE
	EndGlobalSection
	GlobalSection(ExtensibilityGlobals) = postSolution
		SolutionGuid = {089D2E4E-71E5-4D3B-8E26-3A4398D05482}
	EndGlobalSection
EndGlobal
